
Microsoft Visual Studio Solution File, Format Version 12.00
# Visual Studio Version 17
VisualStudioVersion = 17.13.35919.96 d17.13
MinimumVisualStudioVersion = 10.0.40219.1
Project("{FAE04EC0-301F-11D3-BF4B-00C04F79EFBC}") = "Tests", "Tests\Tests.csproj", "{143338EF-67E2-4CE1-AD79-A22AD1A44421}"
EndProject
Project("{FAE04EC0-301F-11D3-BF4B-00C04F79EFBC}") = "Core", "Core\Core.csproj", "{B76707B2-5798-41D7-9CCE-26EC7B70DB2D}"
EndProject
Project("{FAE04EC0-301F-11D3-BF4B-00C04F79EFBC}") = "Business", "Business\Business.csproj", "{F3D1B45F-8936-4482-8CF2-8510A8F50556}"
EndProject
Global
	GlobalSection(SolutionConfigurationPlatforms) = preSolution
		Debug|Any CPU = Debug|Any CPU
		Release|Any CPU = Release|Any CPU
	EndGlobalSection
	GlobalSection(ProjectConfigurationPlatforms) = postSolution
		{143338EF-67E2-4CE1-AD79-A22AD1A44421}.Debug|Any CPU.ActiveCfg = Debug|Any CPU
		{143338EF-67E2-4CE1-AD79-A22AD1A44421}.Debug|Any CPU.Build.0 = Debug|Any CPU
		{143338EF-67E2-4CE1-AD79-A22AD1A44421}.Release|Any CPU.ActiveCfg = Release|Any CPU
		{143338EF-67E2-4CE1-AD79-A22AD1A44421}.Release|Any CPU.Build.0 = Release|Any CPU
		{B76707B2-5798-41D7-9CCE-26EC7B70DB2D}.Debug|Any CPU.ActiveCfg = Debug|Any CPU
		{B76707B2-5798-41D7-9CCE-26EC7B70DB2D}.Debug|Any CPU.Build.0 = Debug|Any CPU
		{B76707B2-5798-41D7-9CCE-26EC7B70DB2D}.Release|Any CPU.ActiveCfg = Release|Any CPU
		{B76707B2-5798-41D7-9CCE-26EC7B70DB2D}.Release|Any CPU.Build.0 = Release|Any CPU
		{F3D1B45F-8936-4482-8CF2-8510A8F50556}.Debug|Any CPU.ActiveCfg = Debug|Any CPU
		{F3D1B45F-8936-4482-8CF2-8510A8F50556}.Debug|Any CPU.Build.0 = Debug|Any CPU
		{F3D1B45F-8936-4482-8CF2-8510A8F50556}.Release|Any CPU.ActiveCfg = Release|Any CPU
		{F3D1B45F-8936-4482-8CF2-8510A8F50556}.Release|Any CPU.Build.0 = Release|Any CPU
	EndGlobalSection
	GlobalSection(SolutionProperties) = preSolution
		HideSolutionNode = FALSE
	EndGlobalSection
	GlobalSection(ExtensibilityGlobals) = postSolution
		SolutionGuid = {222CF42C-D308-4189-9AB0-59CCEEE36369}
	EndGlobalSection
EndGlobal
